
Microsoft Visual Studio Solution File, Format Version 12.00
# Visual Studio Version 17
VisualStudioVersion = 17.8.34316.72
MinimumVisualStudioVersion = 10.0.40219.1
Project("{FAE04EC0-301F-11D3-BF4B-00C04F79EFBC}") = "AlgoritmoGeneticoComPopulacao", "AlgoritmoGeneticoComPopulacao\AlgoritmoGeneticoComPopulacao.csproj", "{98E64ADB-0694-4F37-AEEA-615250905410}"
EndProject
Global
	GlobalSection(SolutionConfigurationPlatforms) = preSolution
		Debug|Any CPU = Debug|Any CPU
		Release|Any CPU = Release|Any CPU
	EndGlobalSection
	GlobalSection(ProjectConfigurationPlatforms) = postSolution
		{98E64ADB-0694-4F37-AEEA-615250905410}.Debug|Any CPU.ActiveCfg = Debug|Any CPU
		{98E64ADB-0694-4F37-AEEA-615250905410}.Debug|Any CPU.Build.0 = Debug|Any CPU
		{98E64ADB-0694-4F37-AEEA-615250905410}.Release|Any CPU.ActiveCfg = Release|Any CPU
		{98E64ADB-0694-4F37-AEEA-615250905410}.Release|Any CPU.Build.0 = Release|Any CPU
	EndGlobalSection
	GlobalSection(SolutionProperties) = preSolution
		HideSolutionNode = FALSE
	EndGlobalSection
	GlobalSection(ExtensibilityGlobals) = postSolution
		SolutionGuid = {50451678-D64D-4F1B-BFFF-4DB1EFB4A774}
	EndGlobalSection
EndGlobal
